
Microsoft Visual Studio Solution File, Format Version 12.00
# Visual Studio 15
VisualStudioVersion = 15.0.28307.271
MinimumVisualStudioVersion = 10.0.40219.1
Project("{FAE04EC0-301F-11D3-BF4B-00C04F79EFBC}") = "PizzeriaModel", "ForgeModel\PizzeriaModel.csproj", "{7C894EAB-A76A-44BF-98AA-A1751C473B4D}"
EndProject
Project("{FAE04EC0-301F-11D3-BF4B-00C04F79EFBC}") = "PizzeriaServiceDAL", "ForgeServiceDAL\PizzeriaServiceDAL.csproj", "{61D051FF-8907-42DB-BE40-950A7991370D}"
EndProject
Project("{FAE04EC0-301F-11D3-BF4B-00C04F79EFBC}") = "PizzeriaServiceImplementList", "ForgeServiceImplementList\PizzeriaServiceImplementList.csproj", "{4827F26D-823F-4FFF-8C57-260E1D5C1A09}"
EndProject
Project("{FAE04EC0-301F-11D3-BF4B-00C04F79EFBC}") = "PizzeriaFormsView", "ForgeView\PizzeriaFormsView.csproj", "{7A662E7D-41C1-4D99-A0BF-6D4BCCE55EA2}"
EndProject
Project("{FAE04EC0-301F-11D3-BF4B-00C04F79EFBC}") = "PizzeriaServiceImplementDB", "PizzeriaServiceImplementDB\PizzeriaServiceImplementDB.csproj", "{45267720-6E2F-4782-864E-9E3A7ABC5D00}"
Project("{FAE04EC0-301F-11D3-BF4B-00C04F79EFBC}") = "PizzeriaWebView", "PizzeriaWebView\PizzeriaWebView.csproj", "{EEFA7384-E9E0-42CA-B648-397ED94A4504}"
EndProject
Global
	GlobalSection(SolutionConfigurationPlatforms) = preSolution
		Debug|Any CPU = Debug|Any CPU
		Release|Any CPU = Release|Any CPU
	EndGlobalSection
	GlobalSection(ProjectConfigurationPlatforms) = postSolution
		{7C894EAB-A76A-44BF-98AA-A1751C473B4D}.Debug|Any CPU.ActiveCfg = Debug|Any CPU
		{7C894EAB-A76A-44BF-98AA-A1751C473B4D}.Debug|Any CPU.Build.0 = Debug|Any CPU
		{7C894EAB-A76A-44BF-98AA-A1751C473B4D}.Release|Any CPU.ActiveCfg = Release|Any CPU
		{7C894EAB-A76A-44BF-98AA-A1751C473B4D}.Release|Any CPU.Build.0 = Release|Any CPU
		{61D051FF-8907-42DB-BE40-950A7991370D}.Debug|Any CPU.ActiveCfg = Debug|Any CPU
		{61D051FF-8907-42DB-BE40-950A7991370D}.Debug|Any CPU.Build.0 = Debug|Any CPU
		{61D051FF-8907-42DB-BE40-950A7991370D}.Release|Any CPU.ActiveCfg = Release|Any CPU
		{61D051FF-8907-42DB-BE40-950A7991370D}.Release|Any CPU.Build.0 = Release|Any CPU
		{4827F26D-823F-4FFF-8C57-260E1D5C1A09}.Debug|Any CPU.ActiveCfg = Debug|Any CPU
		{4827F26D-823F-4FFF-8C57-260E1D5C1A09}.Debug|Any CPU.Build.0 = Debug|Any CPU
		{4827F26D-823F-4FFF-8C57-260E1D5C1A09}.Release|Any CPU.ActiveCfg = Release|Any CPU
		{4827F26D-823F-4FFF-8C57-260E1D5C1A09}.Release|Any CPU.Build.0 = Release|Any CPU
		{7A662E7D-41C1-4D99-A0BF-6D4BCCE55EA2}.Debug|Any CPU.ActiveCfg = Debug|Any CPU
		{7A662E7D-41C1-4D99-A0BF-6D4BCCE55EA2}.Debug|Any CPU.Build.0 = Debug|Any CPU
		{7A662E7D-41C1-4D99-A0BF-6D4BCCE55EA2}.Release|Any CPU.ActiveCfg = Release|Any CPU
		{7A662E7D-41C1-4D99-A0BF-6D4BCCE55EA2}.Release|Any CPU.Build.0 = Release|Any CPU
		{45267720-6E2F-4782-864E-9E3A7ABC5D00}.Debug|Any CPU.ActiveCfg = Debug|Any CPU
		{45267720-6E2F-4782-864E-9E3A7ABC5D00}.Debug|Any CPU.Build.0 = Debug|Any CPU
		{45267720-6E2F-4782-864E-9E3A7ABC5D00}.Release|Any CPU.ActiveCfg = Release|Any CPU
		{45267720-6E2F-4782-864E-9E3A7ABC5D00}.Release|Any CPU.Build.0 = Release|Any CPU
		{EEFA7384-E9E0-42CA-B648-397ED94A4504}.Debug|Any CPU.ActiveCfg = Debug|Any CPU
		{EEFA7384-E9E0-42CA-B648-397ED94A4504}.Debug|Any CPU.Build.0 = Debug|Any CPU
		{EEFA7384-E9E0-42CA-B648-397ED94A4504}.Release|Any CPU.ActiveCfg = Release|Any CPU
		{EEFA7384-E9E0-42CA-B648-397ED94A4504}.Release|Any CPU.Build.0 = Release|Any CPU
	EndGlobalSection
	GlobalSection(SolutionProperties) = preSolution
		HideSolutionNode = FALSE
	EndGlobalSection
	GlobalSection(ExtensibilityGlobals) = postSolution
		SolutionGuid = {623073DC-BD2A-46EE-AD6A-A61F2631C466}
	EndGlobalSection
EndGlobal
